Microsoft Visual Studio Solution File, Format Version 12.00
# Visual Studio 2012
Project("{FAE04EC0-301F-11D3-BF4B-00C04F79EFBC}") = "Message Experiment", "Message Experiment.csproj", "{BDDA0A5E-B787-4DF5-8426-08779FC4612B}"
EndProject
Global
	GlobalSection(SolutionConfigurationPlatforms) = preSolution
	Debug|Any CPU = Debug|Any CPU
	ExportDebug|Any CPU = ExportDebug|Any CPU
	ExportRelease|Any CPU = ExportRelease|Any CPU
	EndGlobalSection
	GlobalSection(ProjectConfigurationPlatforms) = postSolution
		{BDDA0A5E-B787-4DF5-8426-08779FC4612B}.Debug|Any CPU.ActiveCfg = Debug|Any CPU
		{BDDA0A5E-B787-4DF5-8426-08779FC4612B}.Debug|Any CPU.Build.0 = Debug|Any CPU
		{BDDA0A5E-B787-4DF5-8426-08779FC4612B}.ExportDebug|Any CPU.ActiveCfg = ExportDebug|Any CPU
		{BDDA0A5E-B787-4DF5-8426-08779FC4612B}.ExportDebug|Any CPU.Build.0 = ExportDebug|Any CPU
		{BDDA0A5E-B787-4DF5-8426-08779FC4612B}.ExportRelease|Any CPU.ActiveCfg = ExportRelease|Any CPU
		{BDDA0A5E-B787-4DF5-8426-08779FC4612B}.ExportRelease|Any CPU.Build.0 = ExportRelease|Any CPU
	EndGlobalSection
EndGlobal
